// !$*UTF8*$!
{
	archiveVersion = 1;
	classes = {
	};
	objectVersion = 56;
	objects = {

/* Begin PBXBuildFile section */
		D41E372F2AD6A35E00E4CCCC /* AppDelegate.swift in Sources */ = {isa = PBXBuildFile; fileRef = D41E372E2AD6A35E00E4CCCC /* AppDelegate.swift */; };
		D41E37312AD6A35E00E4CCCC /* SceneDelegate.swift in Sources */ = {isa = PBXBuildFile; fileRef = D41E37302AD6A35E00E4CCCC /* SceneDelegate.swift */; };
		D41E37332AD6A35E00E4CCCC /* HomeVC.swift in Sources */ = {isa = PBXBuildFile; fileRef = D41E37322AD6A35E00E4CCCC /* HomeVC.swift */; };
		D41E37382AD6A35F00E4CCCC /* Assets.xcassets in Resources */ = {isa = PBXBuildFile; fileRef = D41E37372AD6A35F00E4CCCC /* Assets.xcassets */; };
		D41E373B2AD6A35F00E4CCCC /* LaunchScreen.storyboard in Resources */ = {isa = PBXBuildFile; fileRef = D41E37392AD6A35F00E4CCCC /* LaunchScreen.storyboard */; };
		D41FEE892AD6BDF100B1F284 /* TabBarVC.swift in Sources */ = {isa = PBXBuildFile; fileRef = D41FEE882AD6BDF100B1F284 /* TabBarVC.swift */; };
		D41FEE8C2AD6D10900B1F284 /* APICaller.swift in Sources */ = {isa = PBXBuildFile; fileRef = D41FEE8B2AD6D10900B1F284 /* APICaller.swift */; };
		D41FEE8F2AD6D1A700B1F284 /* Alamofire in Frameworks */ = {isa = PBXBuildFile; productRef = D41FEE8E2AD6D1A700B1F284 /* Alamofire */; };
		D42E66422ADF3ED200606DDB /* FoodDetailsVC.swift in Sources */ = {isa = PBXBuildFile; fileRef = D42E66412ADF3ED200606DDB /* FoodDetailsVC.swift */; };
		D42E66452ADF43B900606DDB /* FittedSheets in Frameworks */ = {isa = PBXBuildFile; productRef = D42E66442ADF43B900606DDB /* FittedSheets */; };
		D42E66472AE119A500606DDB /* BasketVC.swift in Sources */ = {isa = PBXBuildFile; fileRef = D42E66462AE119A500606DDB /* BasketVC.swift */; };
		D42E664A2AE122E900606DDB /* DataPersistantManager.swift in Sources */ = {isa = PBXBuildFile; fileRef = D42E66492AE122E900606DDB /* DataPersistantManager.swift */; };
		D42E664D2AE124C200606DDB /* YemeklerCoreData.xcdatamodeld in Sources */ = {isa = PBXBuildFile; fileRef = D42E664B2AE124C200606DDB /* YemeklerCoreData.xcdatamodeld */; };
		D42E664F2AE16D4F00606DDB /* StringExtension.swift in Sources */ = {isa = PBXBuildFile; fileRef = D42E664E2AE16D4F00606DDB /* StringExtension.swift */; };
		D42E66512AE1EE9500606DDB /* BasketTableViewCell.swift in Sources */ = {isa = PBXBuildFile; fileRef = D42E66502AE1EE9500606DDB /* BasketTableViewCell.swift */; };
		D42E66532AE1F58B00606DDB /* SepetVeriModel.swift in Sources */ = {isa = PBXBuildFile; fileRef = D42E66522AE1F58B00606DDB /* SepetVeriModel.swift */; };
		D42E66592AE2E9C300606DDB /* ProfileCell.swift in Sources */ = {isa = PBXBuildFile; fileRef = D42E66582AE2E9C300606DDB /* ProfileCell.swift */; };
		D451A27B2AD71496002BD65B /* YemeklerResponse.swift in Sources */ = {isa = PBXBuildFile; fileRef = D451A27A2AD71496002BD65B /* YemeklerResponse.swift */; };
		D451A27D2AD71C2C002BD65B /* SepetKayitModel.swift in Sources */ = {isa = PBXBuildFile; fileRef = D451A27C2AD71C2C002BD65B /* SepetKayitModel.swift */; };
		D451A27F2AD83746002BD65B /* FavoriteVC.swift in Sources */ = {isa = PBXBuildFile; fileRef = D451A27E2AD83746002BD65B /* FavoriteVC.swift */; };
		D451A2812AD8375A002BD65B /* ProfileVC.swift in Sources */ = {isa = PBXBuildFile; fileRef = D451A2802AD8375A002BD65B /* ProfileVC.swift */; };
		D4769DCB2AD9146A0007AC00 /* SDWebImage in Frameworks */ = {isa = PBXBuildFile; productRef = D4769DCA2AD9146A0007AC00 /* SDWebImage */; };
		D4769DCD2AD9146A0007AC00 /* SDWebImageMapKit in Frameworks */ = {isa = PBXBuildFile; productRef = D4769DCC2AD9146A0007AC00 /* SDWebImageMapKit */; };
		D4769DD02AD928AB0007AC00 /* YemekTableViewCell.swift in Sources */ = {isa = PBXBuildFile; fileRef = D4769DCF2AD928AB0007AC00 /* YemekTableViewCell.swift */; };
		D4769DD22AD928EF0007AC00 /* UIColorExtension.swift in Sources */ = {isa = PBXBuildFile; fileRef = D4769DD12AD928EF0007AC00 /* UIColorExtension.swift */; };
		D4769DDD2ADACC830007AC00 /* IndirimCollectionCell.swift in Sources */ = {isa = PBXBuildFile; fileRef = D4769DDC2ADACC830007AC00 /* IndirimCollectionCell.swift */; };
		D4769DDF2ADAF7C70007AC00 /* KategoriCollectionCell.swift in Sources */ = {isa = PBXBuildFile; fileRef = D4769DDE2ADAF7C70007AC00 /* KategoriCollectionCell.swift */; };
		D4769DE42ADB51AD0007AC00 /* FoodHeaderCollectionReusableView.swift in Sources */ = {isa = PBXBuildFile; fileRef = D4769DE32ADB51AD0007AC00 /* FoodHeaderCollectionReusableView.swift */; };
		D4769DE62ADB51F70007AC00 /* UIViewExtension.swift in Sources */ = {isa = PBXBuildFile; fileRef = D4769DE52ADB51F70007AC00 /* UIViewExtension.swift */; };
		D4FF51EA2ADD51E7006A8E10 /* HeroHeaderUIView.swift in Sources */ = {isa = PBXBuildFile; fileRef = D4FF51E92ADD51E7006A8E10 /* HeroHeaderUIView.swift */; };
/* End PBXBuildFile section */

/* Begin PBXFileReference section */
		D41E372B2AD6A35E00E4CCCC /* OburunRotasi.app */ = {isa = PBXFileReference; explicitFileType = wrapper.application; includeInIndex = 0; path = OburunRotasi.app; sourceTree = BUILT_PRODUCTS_DIR; };
		D41E372E2AD6A35E00E4CCCC /* AppDelegate.swift */ = {isa = PBXFileReference; lastKnownFileType = sourcecode.swift; path = AppDelegate.swift; sourceTree = "<group>"; };
		D41E37302AD6A35E00E4CCCC /* SceneDelegate.swift */ = {isa = PBXFileReference; lastKnownFileType = sourcecode.swift; path = SceneDelegate.swift; sourceTree = "<group>"; };
		D41E37322AD6A35E00E4CCCC /* HomeVC.swift */ = {isa = PBXFileReference; lastKnownFileType = sourcecode.swift; path = HomeVC.swift; sourceTree = "<group>"; };
		D41E37372AD6A35F00E4CCCC /* Assets.xcassets */ = {isa = PBXFileReference; lastKnownFileType = folder.assetcatalog; path = Assets.xcassets; sourceTree = "<group>"; };
		D41E373A2AD6A35F00E4CCCC /* Base */ = {isa = PBXFileReference; lastKnownFileType = file.storyboard; name = Base; path = Base.lproj/LaunchScreen.storyboard; sourceTree = "<group>"; };
		D41E373C2AD6A35F00E4CCCC /* Info.plist */ = {isa = PBXFileReference; lastKnownFileType = text.plist.xml; path = Info.plist; sourceTree = "<group>"; };
		D41FEE882AD6BDF100B1F284 /* TabBarVC.swift */ = {isa = PBXFileReference; lastKnownFileType = sourcecode.swift; path = TabBarVC.swift; sourceTree = "<group>"; };
		D41FEE8B2AD6D10900B1F284 /* APICaller.swift */ = {isa = PBXFileReference; lastKnownFileType = sourcecode.swift; path = APICaller.swift; sourceTree = "<group>"; };
		D42E66412ADF3ED200606DDB /* FoodDetailsVC.swift */ = {isa = PBXFileReference; lastKnownFileType = sourcecode.swift; path = FoodDetailsVC.swift; sourceTree = "<group>"; };
		D42E66462AE119A500606DDB /* BasketVC.swift */ = {isa = PBXFileReference; lastKnownFileType = sourcecode.swift; path = BasketVC.swift; sourceTree = "<group>"; };
		D42E66492AE122E900606DDB /* DataPersistantManager.swift */ = {isa = PBXFileReference; lastKnownFileType = sourcecode.swift; path = DataPersistantManager.swift; sourceTree = "<group>"; };
		D42E664C2AE124C200606DDB /* YemeklerCoreData.xcdatamodel */ = {isa = PBXFileReference; lastKnownFileType = wrapper.xcdatamodel; path = YemeklerCoreData.xcdatamodel; sourceTree = "<group>"; };
		D42E664E2AE16D4F00606DDB /* StringExtension.swift */ = {isa = PBXFileReference; lastKnownFileType = sourcecode.swift; path = StringExtension.swift; sourceTree = "<group>"; };
		D42E66502AE1EE9500606DDB /* BasketTableViewCell.swift */ = {isa = PBXFileReference; lastKnownFileType = sourcecode.swift; path = BasketTableViewCell.swift; sourceTree = "<group>"; };
		D42E66522AE1F58B00606DDB /* SepetVeriModel.swift */ = {isa = PBXFileReference; lastKnownFileType = sourcecode.swift; path = SepetVeriModel.swift; sourceTree = "<group>"; };
		D42E66582AE2E9C300606DDB /* ProfileCell.swift */ = {isa = PBXFileReference; lastKnownFileType = sourcecode.swift; path = ProfileCell.swift; sourceTree = "<group>"; };
		D451A27A2AD71496002BD65B /* YemeklerResponse.swift */ = {isa = PBXFileReference; lastKnownFileType = sourcecode.swift; path = YemeklerResponse.swift; sourceTree = "<group>"; };
		D451A27C2AD71C2C002BD65B /* SepetKayitModel.swift */ = {isa = PBXFileReference; lastKnownFileType = sourcecode.swift; path = SepetKayitModel.swift; sourceTree = "<group>"; };
		D451A27E2AD83746002BD65B /* FavoriteVC.swift */ = {isa = PBXFileReference; lastKnownFileType = sourcecode.swift; path = FavoriteVC.swift; sourceTree = "<group>"; };
		D451A2802AD8375A002BD65B /* ProfileVC.swift */ = {isa = PBXFileReference; lastKnownFileType = sourcecode.swift; path = ProfileVC.swift; sourceTree = "<group>"; };
		D4769DCF2AD928AB0007AC00 /* YemekTableViewCell.swift */ = {isa = PBXFileReference; lastKnownFileType = sourcecode.swift; path = YemekTableViewCell.swift; sourceTree = "<group>"; };
		D4769DD12AD928EF0007AC00 /* UIColorExtension.swift */ = {isa = PBXFileReference; lastKnownFileType = sourcecode.swift; path = UIColorExtension.swift; sourceTree = "<group>"; };
		D4769DDC2ADACC830007AC00 /* IndirimCollectionCell.swift */ = {isa = PBXFileReference; lastKnownFileType = sourcecode.swift; path = IndirimCollectionCell.swift; sourceTree = "<group>"; };
		D4769DDE2ADAF7C70007AC00 /* KategoriCollectionCell.swift */ = {isa = PBXFileReference; lastKnownFileType = sourcecode.swift; path = KategoriCollectionCell.swift; sourceTree = "<group>"; };
		D4769DE32ADB51AD0007AC00 /* FoodHeaderCollectionReusableView.swift */ = {isa = PBXFileReference; lastKnownFileType = sourcecode.swift; path = FoodHeaderCollectionReusableView.swift; sourceTree = "<group>"; };
		D4769DE52ADB51F70007AC00 /* UIViewExtension.swift */ = {isa = PBXFileReference; lastKnownFileType = sourcecode.swift; path = UIViewExtension.swift; sourceTree = "<group>"; };
		D4FF51E92ADD51E7006A8E10 /* HeroHeaderUIView.swift */ = {isa = PBXFileReference; lastKnownFileType = sourcecode.swift; path = HeroHeaderUIView.swift; sourceTree = "<group>"; };
/* End PBXFileReference section */

/* Begin PBXFrameworksBuildPhase section */
		D41E37282AD6A35E00E4CCCC /* Frameworks */ = {
			isa = PBXFrameworksBuildPhase;
			buildActionMask = 2147483647;
			files = (
				D42E66452ADF43B900606DDB /* FittedSheets in Frameworks */,
				D4769DCB2AD9146A0007AC00 /* SDWebImage in Frameworks */,
				D4769DCD2AD9146A0007AC00 /* SDWebImageMapKit in Frameworks */,
				D41FEE8F2AD6D1A700B1F284 /* Alamofire in Frameworks */,
			);
			runOnlyForDeploymentPostprocessing = 0;
		};
/* End PBXFrameworksBuildPhase section */

/* Begin PBXGroup section */
		D41E37222AD6A35E00E4CCCC = {
			isa = PBXGroup;
			children = (
				D41E372D2AD6A35E00E4CCCC /* OburunRotasi */,
				D41E372C2AD6A35E00E4CCCC /* Products */,
			);
			sourceTree = "<group>";
		};
		D41E372C2AD6A35E00E4CCCC /* Products */ = {
			isa = PBXGroup;
			children = (
				D41E372B2AD6A35E00E4CCCC /* OburunRotasi.app */,
			);
			name = Products;
			sourceTree = "<group>";
		};
		D41E372D2AD6A35E00E4CCCC /* OburunRotasi */ = {
			isa = PBXGroup;
			children = (
				D4769DCE2AD9285E0007AC00 /* Extensions */,
				D41FEE832AD6BD6500B1F284 /* Resources */,
				D451A2772AD7147A002BD65B /* Models */,
				D41FEE8A2AD6D0F800B1F284 /* Managers */,
				D41FEE842AD6BD7900B1F284 /* Views */,
				D41FEE852AD6BD8400B1F284 /* ViewControllers */,
				D41E373C2AD6A35F00E4CCCC /* Info.plist */,
				D42E664B2AE124C200606DDB /* YemeklerCoreData.xcdatamodeld */,
			);
			path = OburunRotasi;
			sourceTree = "<group>";
		};
		D41FEE832AD6BD6500B1F284 /* Resources */ = {
			isa = PBXGroup;
			children = (
				D41E37392AD6A35F00E4CCCC /* LaunchScreen.storyboard */,
				D41E37372AD6A35F00E4CCCC /* Assets.xcassets */,
				D41E372E2AD6A35E00E4CCCC /* AppDelegate.swift */,
				D41E37302AD6A35E00E4CCCC /* SceneDelegate.swift */,
			);
			path = Resources;
			sourceTree = "<group>";
		};
		D41FEE842AD6BD7900B1F284 /* Views */ = {
			isa = PBXGroup;
			children = (
				D4769DE02ADAFCC50007AC00 /* Views */,
				D41FEE862AD6BD8D00B1F284 /* Cells */,
			);
			path = Views;
			sourceTree = "<group>";
		};
		D41FEE852AD6BD8400B1F284 /* ViewControllers */ = {
			isa = PBXGroup;
			children = (
				D42E663F2ADF3E9E00606DDB /* Core */,
				D42E66402ADF3EA700606DDB /* General */,
			);
			path = ViewControllers;
			sourceTree = "<group>";
		};
		D41FEE862AD6BD8D00B1F284 /* Cells */ = {
			isa = PBXGroup;
			children = (
				D4769DDC2ADACC830007AC00 /* IndirimCollectionCell.swift */,
				D4769DDE2ADAF7C70007AC00 /* KategoriCollectionCell.swift */,
				D4769DCF2AD928AB0007AC00 /* YemekTableViewCell.swift */,
				D42E66502AE1EE9500606DDB /* BasketTableViewCell.swift */,
				D42E66582AE2E9C300606DDB /* ProfileCell.swift */,
			);
			path = Cells;
			sourceTree = "<group>";
		};
		D41FEE8A2AD6D0F800B1F284 /* Managers */ = {
			isa = PBXGroup;
			children = (
				D41FEE8B2AD6D10900B1F284 /* APICaller.swift */,
				D42E66492AE122E900606DDB /* DataPersistantManager.swift */,
			);
			path = Managers;
			sourceTree = "<group>";
		};
		D42E663F2ADF3E9E00606DDB /* Core */ = {
			isa = PBXGroup;
			children = (
				D41E37322AD6A35E00E4CCCC /* HomeVC.swift */,
				D451A27E2AD83746002BD65B /* FavoriteVC.swift */,
				D42E66462AE119A500606DDB /* BasketVC.swift */,
				D451A2802AD8375A002BD65B /* ProfileVC.swift */,
				D41FEE882AD6BDF100B1F284 /* TabBarVC.swift */,
			);
			path = Core;
			sourceTree = "<group>";
		};
		D42E66402ADF3EA700606DDB /* General */ = {
			isa = PBXGroup;
			children = (
				D42E66412ADF3ED200606DDB /* FoodDetailsVC.swift */,
			);
			path = General;
			sourceTree = "<group>";
		};
		D451A2772AD7147A002BD65B /* Models */ = {
			isa = PBXGroup;
			children = (
				D451A27A2AD71496002BD65B /* YemeklerResponse.swift */,
				D451A27C2AD71C2C002BD65B /* SepetKayitModel.swift */,
				D42E66522AE1F58B00606DDB /* SepetVeriModel.swift */,
			);
			path = Models;
			sourceTree = "<group>";
		};
		D4769DCE2AD9285E0007AC00 /* Extensions */ = {
			isa = PBXGroup;
			children = (
				D4769DD12AD928EF0007AC00 /* UIColorExtension.swift */,
				D4769DE52ADB51F70007AC00 /* UIViewExtension.swift */,
				D42E664E2AE16D4F00606DDB /* StringExtension.swift */,
			);
			path = Extensions;
			sourceTree = "<group>";
		};
		D4769DE02ADAFCC50007AC00 /* Views */ = {
			isa = PBXGroup;
			children = (
				D4769DE32ADB51AD0007AC00 /* FoodHeaderCollectionReusableView.swift */,
				D4FF51E92ADD51E7006A8E10 /* HeroHeaderUIView.swift */,
			);
			path = Views;
			sourceTree = "<group>";
		};
/* End PBXGroup section */

/* Begin PBXNativeTarget section */
		D41E372A2AD6A35E00E4CCCC /* OburunRotasi */ = {
			isa = PBXNativeTarget;
			buildConfigurationList = D41E373F2AD6A35F00E4CCCC /* Build configuration list for PBXNativeTarget "OburunRotasi" */;
			buildPhases = (
				D41E37272AD6A35E00E4CCCC /* Sources */,
				D41E37282AD6A35E00E4CCCC /* Frameworks */,
				D41E37292AD6A35E00E4CCCC /* Resources */,
			);
			buildRules = (
			);
			dependencies = (
			);
			name = OburunRotasi;
			packageProductDependencies = (
				D41FEE8E2AD6D1A700B1F284 /* Alamofire */,
				D4769DCA2AD9146A0007AC00 /* SDWebImage */,
				D4769DCC2AD9146A0007AC00 /* SDWebImageMapKit */,
				D42E66442ADF43B900606DDB /* FittedSheets */,
			);
			productName = OburunRotasi;
			productReference = D41E372B2AD6A35E00E4CCCC /* OburunRotasi.app */;
			productType = "com.apple.product-type.application";
		};
/* End PBXNativeTarget section */

/* Begin PBXProject section */
		D41E37232AD6A35E00E4CCCC /* Project object */ = {
			isa = PBXProject;
			attributes = {
				BuildIndependentTargetsInParallel = 1;
				LastSwiftUpdateCheck = 1500;
				LastUpgradeCheck = 1500;
				TargetAttributes = {
					D41E372A2AD6A35E00E4CCCC = {
						CreatedOnToolsVersion = 15.0;
					};
				};
			};
			buildConfigurationList = D41E37262AD6A35E00E4CCCC /* Build configuration list for PBXProject "OburunRotasi" */;
			compatibilityVersion = "Xcode 14.0";
			developmentRegion = en;
			hasScannedForEncodings = 0;
			knownRegions = (
				en,
				Base,
			);
			mainGroup = D41E37222AD6A35E00E4CCCC;
			packageReferences = (
				D41FEE8D2AD6D1A700B1F284 /* XCRemoteSwiftPackageReference "Alamofire" */,
				D4769DC92AD9146A0007AC00 /* XCRemoteSwiftPackageReference "SDWebImage" */,
				D42E66432ADF43B900606DDB /* XCRemoteSwiftPackageReference "FittedSheets" */,
			);
			productRefGroup = D41E372C2AD6A35E00E4CCCC /* Products */;
			projectDirPath = "";
			projectRoot = "";
			targets = (
				D41E372A2AD6A35E00E4CCCC /* OburunRotasi */,
			);
		};
/* End PBXProject section */

/* Begin PBXResourcesBuildPhase section */
		D41E37292AD6A35E00E4CCCC /* Resources */ = {
			isa = PBXResourcesBuildPhase;
			buildActionMask = 2147483647;
			files = (
				D41E373B2AD6A35F00E4CCCC /* LaunchScreen.storyboard in Resources */,
				D41E37382AD6A35F00E4CCCC /* Assets.xcassets in Resources */,
			);
			runOnlyForDeploymentPostprocessing = 0;
		};
/* End PBXResourcesBuildPhase section */

/* Begin PBXSourcesBuildPhase section */
		D41E37272AD6A35E00E4CCCC /* Sources */ = {
			isa = PBXSourcesBuildPhase;
			buildActionMask = 2147483647;
			files = (
				D4769DE62ADB51F70007AC00 /* UIViewExtension.swift in Sources */,
				D4FF51EA2ADD51E7006A8E10 /* HeroHeaderUIView.swift in Sources */,
				D451A27B2AD71496002BD65B /* YemeklerResponse.swift in Sources */,
				D42E66422ADF3ED200606DDB /* FoodDetailsVC.swift in Sources */,
				D42E66472AE119A500606DDB /* BasketVC.swift in Sources */,
				D41E37332AD6A35E00E4CCCC /* HomeVC.swift in Sources */,
				D41E372F2AD6A35E00E4CCCC /* AppDelegate.swift in Sources */,
				D4769DE42ADB51AD0007AC00 /* FoodHeaderCollectionReusableView.swift in Sources */,
				D42E664F2AE16D4F00606DDB /* StringExtension.swift in Sources */,
				D4769DDF2ADAF7C70007AC00 /* KategoriCollectionCell.swift in Sources */,
				D451A2812AD8375A002BD65B /* ProfileVC.swift in Sources */,
				D451A27D2AD71C2C002BD65B /* SepetKayitModel.swift in Sources */,
				D451A27F2AD83746002BD65B /* FavoriteVC.swift in Sources */,
				D4769DDD2ADACC830007AC00 /* IndirimCollectionCell.swift in Sources */,
				D4769DD02AD928AB0007AC00 /* YemekTableViewCell.swift in Sources */,
				D42E664D2AE124C200606DDB /* YemeklerCoreData.xcdatamodeld in Sources */,
				D41FEE892AD6BDF100B1F284 /* TabBarVC.swift in Sources */,
				D42E66532AE1F58B00606DDB /* SepetVeriModel.swift in Sources */,
				D4769DD22AD928EF0007AC00 /* UIColorExtension.swift in Sources */,
				D41FEE8C2AD6D10900B1F284 /* APICaller.swift in Sources */,
				D42E66512AE1EE9500606DDB /* BasketTableViewCell.swift in Sources */,
				D42E66592AE2E9C300606DDB /* ProfileCell.swift in Sources */,
				D42E664A2AE122E900606DDB /* DataPersistantManager.swift in Sources */,
				D41E37312AD6A35E00E4CCCC /* SceneDelegate.swift in Sources */,
			);
			runOnlyForDeploymentPostprocessing = 0;
		};
/* End PBXSourcesBuildPhase section */

/* Begin PBXVariantGroup section */
		D41E37392AD6A35F00E4CCCC /* LaunchScreen.storyboard */ = {
			isa = PBXVariantGroup;
			children = (
				D41E373A2AD6A35F00E4CCCC /* Base */,
			);
			name = LaunchScreen.storyboard;
			sourceTree = "<group>";
		};
/* End PBXVariantGroup section */

/* Begin XCBuildConfiguration section */
		D41E373D2AD6A35F00E4CCCC /* Debug */ = {
			isa = XCBuildConfiguration;
			buildSettings = {
				ALWAYS_SEARCH_USER_PATHS = NO;
				ASSETCATALOG_COMPILER_GENERATE_SWIFT_ASSET_SYMBOL_EXTENSIONS = YES;
				CLANG_ANALYZER_NONNULL = YES;
				CLANG_ANALYZER_NUMBER_OBJECT_CONVERSION = YES_AGGRESSIVE;
				CLANG_CXX_LANGUAGE_STANDARD = "gnu++20";
				CLANG_ENABLE_MODULES = YES;
				CLANG_ENABLE_OBJC_ARC = YES;
				CLANG_ENABLE_OBJC_WEAK = YES;
				CLANG_WARN_BLOCK_CAPTURE_AUTORELEASING = YES;
				CLANG_WARN_BOOL_CONVERSION = YES;
				CLANG_WARN_COMMA = YES;
				CLANG_WARN_CONSTANT_CONVERSION = YES;
				CLANG_WARN_DEPRECATED_OBJC_IMPLEMENTATIONS = YES;
				CLANG_WARN_DIRECT_OBJC_ISA_USAGE = YES_ERROR;
				CLANG_WARN_DOCUMENTATION_COMMENTS = YES;
				CLANG_WARN_EMPTY_BODY = YES;
				CLANG_WARN_ENUM_CONVERSION = YES;
				CLANG_WARN_INFINITE_RECURSION = YES;
				CLANG_WARN_INT_CONVERSION = YES;
				CLANG_WARN_NON_LITERAL_NULL_CONVERSION = YES;
				CLANG_WARN_OBJC_IMPLICIT_RETAIN_SELF = YES;
				CLANG_WARN_OBJC_LITERAL_CONVERSION = YES;
				CLANG_WARN_OBJC_ROOT_CLASS = YES_ERROR;
				CLANG_WARN_QUOTED_INCLUDE_IN_FRAMEWORK_HEADER = YES;
				CLANG_WARN_RANGE_LOOP_ANALYSIS = YES;
				CLANG_WARN_STRICT_PROTOTYPES = YES;
				CLANG_WARN_SUSPICIOUS_MOVE = YES;
				CLANG_WARN_UNGUARDED_AVAILABILITY = YES_AGGRESSIVE;
				CLANG_WARN_UNREACHABLE_CODE = YES;
				CLANG_WARN__DUPLICATE_METHOD_MATCH = YES;
				COPY_PHASE_STRIP = NO;
				DEBUG_INFORMATION_FORMAT = dwarf;
				ENABLE_STRICT_OBJC_MSGSEND = YES;
				ENABLE_TESTABILITY = YES;
				ENABLE_USER_SCRIPT_SANDBOXING = YES;
				GCC_C_LANGUAGE_STANDARD = gnu17;
				GCC_DYNAMIC_NO_PIC = NO;
				GCC_NO_COMMON_BLOCKS = YES;
				GCC_OPTIMIZATION_LEVEL = 0;
				GCC_PREPROCESSOR_DEFINITIONS = (
					"DEBUG=1",
					"$(inherited)",
				);
				GCC_WARN_64_TO_32_BIT_CONVERSION = YES;
				GCC_WARN_ABOUT_RETURN_TYPE = YES_ERROR;
				GCC_WARN_UNDECLARED_SELECTOR = YES;
				GCC_WARN_UNINITIALIZED_AUTOS = YES_AGGRESSIVE;
				GCC_WARN_UNUSED_FUNCTION = YES;
				GCC_WARN_UNUSED_VARIABLE = YES;
				IPHONEOS_DEPLOYMENT_TARGET = 16.0;
				LOCALIZATION_PREFERS_STRING_CATALOGS = YES;
				MTL_ENABLE_DEBUG_INFO = INCLUDE_SOURCE;
				MTL_FAST_MATH = YES;
				ONLY_ACTIVE_ARCH = YES;
				SDKROOT = iphoneos;
				SWIFT_ACTIVE_COMPILATION_CONDITIONS = "DEBUG $(inherited)";
				SWIFT_OPTIMIZATION_LEVEL = "-Onone";
			};
			name = Debug;
		};
		D41E373E2AD6A35F00E4CCCC /* Release */ = {
			isa = XCBuildConfiguration;
			buildSettings = {
				ALWAYS_SEARCH_USER_PATHS = NO;
				ASSETCATALOG_COMPILER_GENERATE_SWIFT_ASSET_SYMBOL_EXTENSIONS = YES;
				CLANG_ANALYZER_NONNULL = YES;
				CLANG_ANALYZER_NUMBER_OBJECT_CONVERSION = YES_AGGRESSIVE;
				CLANG_CXX_LANGUAGE_STANDARD = "gnu++20";
				CLANG_ENABLE_MODULES = YES;
				CLANG_ENABLE_OBJC_ARC = YES;
				CLANG_ENABLE_OBJC_WEAK = YES;
				CLANG_WARN_BLOCK_CAPTURE_AUTORELEASING = YES;
				CLANG_WARN_BOOL_CONVERSION = YES;
				CLANG_WARN_COMMA = YES;
				CLANG_WARN_CONSTANT_CONVERSION = YES;
				CLANG_WARN_DEPRECATED_OBJC_IMPLEMENTATIONS = YES;
				CLANG_WARN_DIRECT_OBJC_ISA_USAGE = YES_ERROR;
				CLANG_WARN_DOCUMENTATION_COMMENTS = YES;
				CLANG_WARN_EMPTY_BODY = YES;
				CLANG_WARN_ENUM_CONVERSION = YES;
				CLANG_WARN_INFINITE_RECURSION = YES;
				CLANG_WARN_INT_CONVERSION = YES;
				CLANG_WARN_NON_LITERAL_NULL_CONVERSION = YES;
				CLANG_WARN_OBJC_IMPLICIT_RETAIN_SELF = YES;
				CLANG_WARN_OBJC_LITERAL_CONVERSION = YES;
				CLANG_WARN_OBJC_ROOT_CLASS = YES_ERROR;
				CLANG_WARN_QUOTED_INCLUDE_IN_FRAMEWORK_HEADER = YES;
				CLANG_WARN_RANGE_LOOP_ANALYSIS = YES;
				CLANG_WARN_STRICT_PROTOTYPES = YES;
				CLANG_WARN_SUSPICIOUS_MOVE = YES;
				CLANG_WARN_UNGUARDED_AVAILABILITY = YES_AGGRESSIVE;
				CLANG_WARN_UNREACHABLE_CODE = YES;
				CLANG_WARN__DUPLICATE_METHOD_MATCH = YES;
				COPY_PHASE_STRIP = NO;
				DEBUG_INFORMATION_FORMAT = "dwarf-with-dsym";
				ENABLE_NS_ASSERTIONS = NO;
				ENABLE_STRICT_OBJC_MSGSEND = YES;
				ENABLE_USER_SCRIPT_SANDBOXING = YES;
				GCC_C_LANGUAGE_STANDARD = gnu17;
				GCC_NO_COMMON_BLOCKS = YES;
				GCC_WARN_64_TO_32_BIT_CONVERSION = YES;
				GCC_WARN_ABOUT_RETURN_TYPE = YES_ERROR;
				GCC_WARN_UNDECLARED_SELECTOR = YES;
				GCC_WARN_UNINITIALIZED_AUTOS = YES_AGGRESSIVE;
				GCC_WARN_UNUSED_FUNCTION = YES;
				GCC_WARN_UNUSED_VARIABLE = YES;
				IPHONEOS_DEPLOYMENT_TARGET = 16.0;
				LOCALIZATION_PREFERS_STRING_CATALOGS = YES;
				MTL_ENABLE_DEBUG_INFO = NO;
				MTL_FAST_MATH = YES;
				SDKROOT = iphoneos;
				SWIFT_COMPILATION_MODE = wholemodule;
				VALIDATE_PRODUCT = YES;
			};
			name = Release;
		};
		D41E37402AD6A35F00E4CCCC /* Debug */ = {
			isa = XCBuildConfiguration;
			buildSettings = {
				ASSETCATALOG_COMPILER_APPICON_NAME = AppIcon;
				ASSETCATALOG_COMPILER_GLOBAL_ACCENT_COLOR_NAME = AccentColor;
				CODE_SIGN_STYLE = Automatic;
				CURRENT_PROJECT_VERSION = 1;
				DEVELOPMENT_TEAM = 373Z282HAT;
				GENERATE_INFOPLIST_FILE = YES;
				INFOPLIST_FILE = OburunRotasi/Info.plist;
				INFOPLIST_KEY_UIApplicationSupportsIndirectInputEvents = YES;
				INFOPLIST_KEY_UILaunchStoryboardName = LaunchScreen;
				INFOPLIST_KEY_UIMainStoryboardFile = "";
				INFOPLIST_KEY_UISupportedInterfaceOrientations_iPad = "UIInterfaceOrientationPortrait UIInterfaceOrientationPortraitUpsideDown UIInterfaceOrientationLandscapeLeft UIInterfaceOrientationLandscapeRight";
				INFOPLIST_KEY_UISupportedInterfaceOrientations_iPhone = "UIInterfaceOrientationPortrait UIInterfaceOrientationLandscapeLeft UIInterfaceOrientationLandscapeRight";
				LD_RUNPATH_SEARCH_PATHS = (
					"$(inherited)",
					"@executable_path/Frameworks",
				);
				MARKETING_VERSION = 1.0;
				PRODUCT_BUNDLE_IDENTIFIER = com.hakanbaran.OburunRotasi;
				PRODUCT_NAME = "$(TARGET_NAME)";
				SWIFT_EMIT_LOC_STRINGS = YES;
				SWIFT_VERSION = 5.0;
				TARGETED_DEVICE_FAMILY = "1,2";
			};
			name = Debug;
		};
		D41E37412AD6A35F00E4CCCC /* Release */ = {
			isa = XCBuildConfiguration;
			buildSettings = {
				ASSETCATALOG_COMPILER_APPICON_NAME = AppIcon;
				ASSETCATALOG_COMPILER_GLOBAL_ACCENT_COLOR_NAME = AccentColor;
				CODE_SIGN_STYLE = Automatic;
				CURRENT_PROJECT_VERSION = 1;
				DEVELOPMENT_TEAM = 373Z282HAT;
				GENERATE_INFOPLIST_FILE = YES;
				INFOPLIST_FILE = OburunRotasi/Info.plist;
				INFOPLIST_KEY_UIApplicationSupportsIndirectInputEvents = YES;
				INFOPLIST_KEY_UILaunchStoryboardName = LaunchScreen;
				INFOPLIST_KEY_UIMainStoryboardFile = "";
				INFOPLIST_KEY_UISupportedInterfaceOrientations_iPad = "UIInterfaceOrientationPortrait UIInterfaceOrientationPortraitUpsideDown UIInterfaceOrientationLandscapeLeft UIInterfaceOrientationLandscapeRight";
				INFOPLIST_KEY_UISupportedInterfaceOrientations_iPhone = "UIInterfaceOrientationPortrait UIInterfaceOrientationLandscapeLeft UIInterfaceOrientationLandscapeRight";
				LD_RUNPATH_SEARCH_PATHS = (
					"$(inherited)",
					"@executable_path/Frameworks",
				);
				MARKETING_VERSION = 1.0;
				PRODUCT_BUNDLE_IDENTIFIER = com.hakanbaran.OburunRotasi;
				PRODUCT_NAME = "$(TARGET_NAME)";
				SWIFT_EMIT_LOC_STRINGS = YES;
				SWIFT_VERSION = 5.0;
				TARGETED_DEVICE_FAMILY = "1,2";
			};
			name = Release;
		};
/* End XCBuildConfiguration section */

/* Begin XCConfigurationList section */
		D41E37262AD6A35E00E4CCCC /* Build configuration list for PBXProject "OburunRotasi" */ = {
			isa = XCConfigurationList;
			buildConfigurations = (
				D41E373D2AD6A35F00E4CCCC /* Debug */,
				D41E373E2AD6A35F00E4CCCC /* Release */,
			);
			defaultConfigurationIsVisible = 0;
			defaultConfigurationName = Release;
		};
		D41E373F2AD6A35F00E4CCCC /* Build configuration list for PBXNativeTarget "OburunRotasi" */ = {
			isa = XCConfigurationList;
			buildConfigurations = (
				D41E37402AD6A35F00E4CCCC /* Debug */,
				D41E37412AD6A35F00E4CCCC /* Release */,
			);
			defaultConfigurationIsVisible = 0;
			defaultConfigurationName = Release;
		};
/* End XCConfigurationList section */

/* Begin XCRemoteSwiftPackageReference section */
		D41FEE8D2AD6D1A700B1F284 /* XCRemoteSwiftPackageReference "Alamofire" */ = {
			isa = XCRemoteSwiftPackageReference;
			repositoryURL = "https://github.com/Alamofire/Alamofire";
			requirement = {
				kind = upToNextMajorVersion;
				minimumVersion = 5.8.0;
			};
		};
		D42E66432ADF43B900606DDB /* XCRemoteSwiftPackageReference "FittedSheets" */ = {
			isa = XCRemoteSwiftPackageReference;
			repositoryURL = "https://github.com/gordontucker/FittedSheets";
			requirement = {
				kind = upToNextMajorVersion;
				minimumVersion = 2.6.1;
			};
		};
		D4769DC92AD9146A0007AC00 /* XCRemoteSwiftPackageReference "SDWebImage" */ = {
			isa = XCRemoteSwiftPackageReference;
			repositoryURL = "https://github.com/SDWebImage/SDWebImage.git";
			requirement = {
				kind = upToNextMajorVersion;
				minimumVersion = 5.18.3;
			};
		};
/* End XCRemoteSwiftPackageReference section */

/* Begin XCSwiftPackageProductDependency section */
		D41FEE8E2AD6D1A700B1F284 /* Alamofire */ = {
			isa = XCSwiftPackageProductDependency;
			package = D41FEE8D2AD6D1A700B1F284 /* XCRemoteSwiftPackageReference "Alamofire" */;
			productName = Alamofire;
		};
		D42E66442ADF43B900606DDB /* FittedSheets */ = {
			isa = XCSwiftPackageProductDependency;
			package = D42E66432ADF43B900606DDB /* XCRemoteSwiftPackageReference "FittedSheets" */;
			productName = FittedSheets;
		};
		D4769DCA2AD9146A0007AC00 /* SDWebImage */ = {
			isa = XCSwiftPackageProductDependency;
			package = D4769DC92AD9146A0007AC00 /* XCRemoteSwiftPackageReference "SDWebImage" */;
			productName = SDWebImage;
		};
		D4769DCC2AD9146A0007AC00 /* SDWebImageMapKit */ = {
			isa = XCSwiftPackageProductDependency;
			package = D4769DC92AD9146A0007AC00 /* XCRemoteSwiftPackageReference "SDWebImage" */;
			productName = SDWebImageMapKit;
		};
/* End XCSwiftPackageProductDependency section */

/* Begin XCVersionGroup section */
		D42E664B2AE124C200606DDB /* YemeklerCoreData.xcdatamodeld */ = {
			isa = XCVersionGroup;
			children = (
				D42E664C2AE124C200606DDB /* YemeklerCoreData.xcdatamodel */,
			);
			currentVersion = D42E664C2AE124C200606DDB /* YemeklerCoreData.xcdatamodel */;
			path = YemeklerCoreData.xcdatamodeld;
			sourceTree = "<group>";
			versionGroupType = wrapper.xcdatamodel;
		};
/* End XCVersionGroup section */
	};
	rootObject = D41E37232AD6A35E00E4CCCC /* Project object */;
}
